
Microsoft Visual Studio Solution File, Format Version 12.00
# Visual Studio Version 16
VisualStudioVersion = 16.0.30204.135
MinimumVisualStudioVersion = 10.0.40219.1
Project("{FAE04EC0-301F-11D3-BF4B-00C04F79EFBC}") = "BowlingInt", "BowlingInt\BowlingInt.csproj", "{48BCD0DA-F80D-476F-A899-2D3E47423746}"
EndProject
Global
	GlobalSection(SolutionConfigurationPlatforms) = preSolution
		Debug|Any CPU = Debug|Any CPU
		Release|Any CPU = Release|Any CPU
	EndGlobalSection
	GlobalSection(ProjectConfigurationPlatforms) = postSolution
		{48BCD0DA-F80D-476F-A899-2D3E47423746}.Debug|Any CPU.ActiveCfg = Debug|Any CPU
		{48BCD0DA-F80D-476F-A899-2D3E47423746}.Debug|Any CPU.Build.0 = Debug|Any CPU
		{48BCD0DA-F80D-476F-A899-2D3E47423746}.Release|Any CPU.ActiveCfg = Release|Any CPU
		{48BCD0DA-F80D-476F-A899-2D3E47423746}.Release|Any CPU.Build.0 = Release|Any CPU
	EndGlobalSection
	GlobalSection(SolutionProperties) = preSolution
		HideSolutionNode = FALSE
	EndGlobalSection
	GlobalSection(ExtensibilityGlobals) = postSolution
		SolutionGuid = {F0E05AFC-D45F-4AC6-AAFD-57A8A0E6E863}
	EndGlobalSection
EndGlobal
